
Microsoft Visual Studio Solution File, Format Version 12.00
# Visual Studio Version 17
VisualStudioVersion = 17.5.33530.505
MinimumVisualStudioVersion = 10.0.40219.1
Project("{FAE04EC0-301F-11D3-BF4B-00C04F79EFBC}") = "VeniumAPI", "VeniumAPI.csproj", "{953E6405-1D9A-4A16-87AF-B090E62DB413}"
EndProject
Global
	GlobalSection(SolutionConfigurationPlatforms) = preSolution
		Debug|Any CPU = Debug|Any CPU
		Release|Any CPU = Release|Any CPU
	EndGlobalSection
	GlobalSection(ProjectConfigurationPlatforms) = postSolution
		{953E6405-1D9A-4A16-87AF-B090E62DB413}.Debug|Any CPU.ActiveCfg = Debug|Any CPU
		{953E6405-1D9A-4A16-87AF-B090E62DB413}.Debug|Any CPU.Build.0 = Debug|Any CPU
		{953E6405-1D9A-4A16-87AF-B090E62DB413}.Release|Any CPU.ActiveCfg = Release|Any CPU
		{953E6405-1D9A-4A16-87AF-B090E62DB413}.Release|Any CPU.Build.0 = Release|Any CPU
	EndGlobalSection
	GlobalSection(SolutionProperties) = preSolution
		HideSolutionNode = FALSE
	EndGlobalSection
	GlobalSection(ExtensibilityGlobals) = postSolution
		SolutionGuid = {41BB4DAB-8CDD-47F3-9BFA-4050942200D6}
	EndGlobalSection
EndGlobal
